
Microsoft Visual Studio Solution File, Format Version 12.00
# Visual Studio Version 17
VisualStudioVersion = 17.5.33414.496
MinimumVisualStudioVersion = 10.0.40219.1
Project("{FAE04EC0-301F-11D3-BF4B-00C04F79EFBC}") = "ma-kimono", "ma-kimono\ma-kimono.csproj", "{817E4443-68C0-46E9-B920-AE429E5BA1D2}"
EndProject
Global
	GlobalSection(SolutionConfigurationPlatforms) = preSolution
		Debug|Any CPU = Debug|Any CPU
		Release|Any CPU = Release|Any CPU
	EndGlobalSection
	GlobalSection(ProjectConfigurationPlatforms) = postSolution
		{817E4443-68C0-46E9-B920-AE429E5BA1D2}.Debug|Any CPU.ActiveCfg = Debug|Any CPU
		{817E4443-68C0-46E9-B920-AE429E5BA1D2}.Debug|Any CPU.Build.0 = Debug|Any CPU
		{817E4443-68C0-46E9-B920-AE429E5BA1D2}.Release|Any CPU.ActiveCfg = Release|Any CPU
		{817E4443-68C0-46E9-B920-AE429E5BA1D2}.Release|Any CPU.Build.0 = Release|Any CPU
	EndGlobalSection
	GlobalSection(SolutionProperties) = preSolution
		HideSolutionNode = FALSE
	EndGlobalSection
	GlobalSection(ExtensibilityGlobals) = postSolution
		SolutionGuid = {0239548D-018E-46CC-B945-5DD8F5C88A75}
	EndGlobalSection
EndGlobal
